
Microsoft Visual Studio Solution File, Format Version 12.00
# Visual Studio Version 16
VisualStudioVersion = 16.0.31729.503
MinimumVisualStudioVersion = 10.0.40219.1
Project("{8BC9CEB8-8B4A-11D0-8D11-00A0C91BC942}") = "CSGRaycastingCUDALib", "CSGRaycastingCUDALib\CSGRaycastingCUDALib.vcxproj", "{E5748CE2-70BE-4C2E-86CA-2D6FF131CC08}"
	ProjectSection(ProjectDependencies) = postProject
		{27464769-109B-416D-96FC-74BE4514AB10} = {27464769-109B-416D-96FC-74BE4514AB10}
	EndProjectSection
EndProject
Project("{FAE04EC0-301F-11D3-BF4B-00C04F79EFBC}") = "CSGRaycastingViewer", "CSGRaycastingViewer\CSGRaycastingViewer.csproj", "{27464769-109B-416D-96FC-74BE4514AB10}"
EndProject
Global
	GlobalSection(SolutionConfigurationPlatforms) = preSolution
		Debug|Any CPU = Debug|Any CPU
		Debug|x64 = Debug|x64
		Release|Any CPU = Release|Any CPU
		Release|x64 = Release|x64
	EndGlobalSection
	GlobalSection(ProjectConfigurationPlatforms) = postSolution
		{E5748CE2-70BE-4C2E-86CA-2D6FF131CC08}.Debug|Any CPU.ActiveCfg = Debug|x64
		{E5748CE2-70BE-4C2E-86CA-2D6FF131CC08}.Debug|x64.ActiveCfg = Debug|x64
		{E5748CE2-70BE-4C2E-86CA-2D6FF131CC08}.Debug|x64.Build.0 = Debug|x64
		{E5748CE2-70BE-4C2E-86CA-2D6FF131CC08}.Release|Any CPU.ActiveCfg = Release|x64
		{E5748CE2-70BE-4C2E-86CA-2D6FF131CC08}.Release|x64.ActiveCfg = Release|x64
		{E5748CE2-70BE-4C2E-86CA-2D6FF131CC08}.Release|x64.Build.0 = Release|x64
		{27464769-109B-416D-96FC-74BE4514AB10}.Debug|Any CPU.ActiveCfg = Debug|Any CPU
		{27464769-109B-416D-96FC-74BE4514AB10}.Debug|Any CPU.Build.0 = Debug|Any CPU
		{27464769-109B-416D-96FC-74BE4514AB10}.Debug|x64.ActiveCfg = Debug|Any CPU
		{27464769-109B-416D-96FC-74BE4514AB10}.Debug|x64.Build.0 = Debug|Any CPU
		{27464769-109B-416D-96FC-74BE4514AB10}.Release|Any CPU.ActiveCfg = Release|Any CPU
		{27464769-109B-416D-96FC-74BE4514AB10}.Release|Any CPU.Build.0 = Release|Any CPU
		{27464769-109B-416D-96FC-74BE4514AB10}.Release|x64.ActiveCfg = Release|Any CPU
		{27464769-109B-416D-96FC-74BE4514AB10}.Release|x64.Build.0 = Release|Any CPU
	EndGlobalSection
	GlobalSection(SolutionProperties) = preSolution
		HideSolutionNode = FALSE
	EndGlobalSection
	GlobalSection(ExtensibilityGlobals) = postSolution
		SolutionGuid = {98EC08F5-FBA2-4FDF-8795-ABE5CCCEEB73}
	EndGlobalSection
EndGlobal
